{
  "name": "Advent Of Code",
  "lockfileVersion": 3,
  "requires": true,
  "packages": {
    "": {
      "dependencies": {
        "execution-time": "^1.4.1",
        "lcm": "^0.0.3"
      }
    },
    "node_modules/execution-time": {
      "version": "1.4.1",
      "resolved": "https://registry.npmjs.org/execution-time/-/execution-time-1.4.1.tgz",
      "integrity": "sha512-4t9svrTtsXxAEzAs9/tm1R/Voj5AYHqxd72BiLEbGQWJq2PD3tAmW8bXI7Pp0yorjaKshT1+NyKy0ytHlKW4Pg==",
      "dependencies": {
        "pretty-hrtime": "^1.0.3"
      }
    },
    "node_modules/gcd": {
      "version": "0.0.1",
      "resolved": "https://registry.npmjs.org/gcd/-/gcd-0.0.1.tgz",
      "integrity": "sha512-VNx3UEGr+ILJTiMs1+xc5SX1cMgJCrXezKPa003APUWNqQqaF6n25W8VcR7nHN6yRWbvvUTwCpZCFJeWC2kXlw=="
    },
    "node_modules/lcm": {
      "version": "0.0.3",
      "resolved": "https://registry.npmjs.org/lcm/-/lcm-0.0.3.tgz",
      "integrity": "sha512-TB+ZjoillV6B26Vspf9l2L/vKaRY/4ep3hahcyVkCGFgsTNRUQdc24bQeNFiZeoxH0vr5+7SfNRMQuPHv/1IrQ==",
      "dependencies": {
        "gcd": "^0.0.1"
      }
    },
    "node_modules/pretty-hrtime": {
      "version": "1.0.3",
      "resolved": "https://registry.npmjs.org/pretty-hrtime/-/pretty-hrtime-1.0.3.tgz",
      "integrity": "sha512-66hKPCr+72mlfiSjlEB1+45IjXSqvVAIy6mocupoww4tBFE9R9IhwwUGoI4G++Tc9Aq+2rxOt0RFU6gPcrte0A==",
      "engines": {
        "node": ">= 0.8"
      }
    }
  }
}
